// !$*UTF8*$!
{
	archiveVersion = 1;
	classes = {
	};
	objectVersion = 56;
	objects = {

/* Begin PBXBuildFile section */
		CE52193D2A58F32E002D0069 /* SearchResultsViewController.swift in Sources */ = {isa = PBXBuildFile; fileRef = CE52193C2A58F32E002D0069 /* SearchResultsViewController.swift */; };
		CE5219412A59A1A8002D0069 /* YoutubeSearchResponse.swift in Sources */ = {isa = PBXBuildFile; fileRef = CE5219402A59A1A8002D0069 /* YoutubeSearchResponse.swift */; };
		CE5357102A374A5300009B08 /* APICaller.swift in Sources */ = {isa = PBXBuildFile; fileRef = CE53570F2A374A5300009B08 /* APICaller.swift */; };
		CE6547632A35F1680081272F /* HeroHeaderUIView.swift in Sources */ = {isa = PBXBuildFile; fileRef = CE6547622A35F1680081272F /* HeroHeaderUIView.swift */; };
		CE75A1C12A673C6600535E75 /* TitlePreviewViewController.swift in Sources */ = {isa = PBXBuildFile; fileRef = CE75A1C02A673C6600535E75 /* TitlePreviewViewController.swift */; };
		CE75A1C32A673FFF00535E75 /* TitlePreviewViewModel.swift in Sources */ = {isa = PBXBuildFile; fileRef = CE75A1C22A673FFF00535E75 /* TitlePreviewViewModel.swift */; };
		CEA4BC4B2A3104E50093C757 /* AppDelegate.swift in Sources */ = {isa = PBXBuildFile; fileRef = CEA4BC4A2A3104E50093C757 /* AppDelegate.swift */; };
		CEA4BC4D2A3104E50093C757 /* SceneDelegate.swift in Sources */ = {isa = PBXBuildFile; fileRef = CEA4BC4C2A3104E50093C757 /* SceneDelegate.swift */; };
		CEA4BC4F2A3104E50093C757 /* MainTabBarViewController.swift in Sources */ = {isa = PBXBuildFile; fileRef = CEA4BC4E2A3104E50093C757 /* MainTabBarViewController.swift */; };
		CEA4BC542A3104E90093C757 /* Assets.xcassets in Resources */ = {isa = PBXBuildFile; fileRef = CEA4BC532A3104E90093C757 /* Assets.xcassets */; };
		CEA4BC572A3104E90093C757 /* LaunchScreen.storyboard in Resources */ = {isa = PBXBuildFile; fileRef = CEA4BC552A3104E90093C757 /* LaunchScreen.storyboard */; };
		CEA4BC602A333F2E0093C757 /* HomeViewController.swift in Sources */ = {isa = PBXBuildFile; fileRef = CEA4BC5F2A333F2E0093C757 /* HomeViewController.swift */; };
		CEA4BC622A333FDB0093C757 /* UpcomingViewController.swift in Sources */ = {isa = PBXBuildFile; fileRef = CEA4BC612A333FDB0093C757 /* UpcomingViewController.swift */; };
		CEA4BC642A33400E0093C757 /* SearchViewController.swift in Sources */ = {isa = PBXBuildFile; fileRef = CEA4BC632A33400E0093C757 /* SearchViewController.swift */; };
		CEA4BC662A3340380093C757 /* DownloadsViewController.swift in Sources */ = {isa = PBXBuildFile; fileRef = CEA4BC652A3340380093C757 /* DownloadsViewController.swift */; };
		CEA4BC6B2A3347590093C757 /* CollectionViewTableViewCell.swift in Sources */ = {isa = PBXBuildFile; fileRef = CEA4BC6A2A3347590093C757 /* CollectionViewTableViewCell.swift */; };
		CEB653E82A378D76007B2FC5 /* Title.swift in Sources */ = {isa = PBXBuildFile; fileRef = CEB653E72A378D76007B2FC5 /* Title.swift */; };
		CEB653EB2A38949D007B2FC5 /* Extensions.swift in Sources */ = {isa = PBXBuildFile; fileRef = CEB653EA2A38949D007B2FC5 /* Extensions.swift */; };
		CEB653EF2A38A73E007B2FC5 /* TitleCollectionViewCell.swift in Sources */ = {isa = PBXBuildFile; fileRef = CEB653EE2A38A73E007B2FC5 /* TitleCollectionViewCell.swift */; };
		CEB653F22A38B4E3007B2FC5 /* SDWebImage in Frameworks */ = {isa = PBXBuildFile; productRef = CEB653F12A38B4E3007B2FC5 /* SDWebImage */; };
		CEB653F42A38B4E3007B2FC5 /* SDWebImageMapKit in Frameworks */ = {isa = PBXBuildFile; productRef = CEB653F32A38B4E3007B2FC5 /* SDWebImageMapKit */; };
		CED7096C2A55A1E600FF1E83 /* TitleTableViewCell.swift in Sources */ = {isa = PBXBuildFile; fileRef = CED7096B2A55A1E600FF1E83 /* TitleTableViewCell.swift */; };
		CED7096E2A55BEE200FF1E83 /* TitleViewModel.swift in Sources */ = {isa = PBXBuildFile; fileRef = CED7096D2A55BEE200FF1E83 /* TitleViewModel.swift */; };
/* End PBXBuildFile section */

/* Begin PBXFileReference section */
		CE52193C2A58F32E002D0069 /* SearchResultsViewController.swift */ = {isa = PBXFileReference; lastKnownFileType = sourcecode.swift; path = SearchResultsViewController.swift; sourceTree = "<group>"; };
		CE5219402A59A1A8002D0069 /* YoutubeSearchResponse.swift */ = {isa = PBXFileReference; lastKnownFileType = sourcecode.swift; path = YoutubeSearchResponse.swift; sourceTree = "<group>"; };
		CE53570F2A374A5300009B08 /* APICaller.swift */ = {isa = PBXFileReference; lastKnownFileType = sourcecode.swift; path = APICaller.swift; sourceTree = "<group>"; };
		CE6547622A35F1680081272F /* HeroHeaderUIView.swift */ = {isa = PBXFileReference; lastKnownFileType = sourcecode.swift; path = HeroHeaderUIView.swift; sourceTree = "<group>"; };
		CE75A1C02A673C6600535E75 /* TitlePreviewViewController.swift */ = {isa = PBXFileReference; lastKnownFileType = sourcecode.swift; path = TitlePreviewViewController.swift; sourceTree = "<group>"; };
		CE75A1C22A673FFF00535E75 /* TitlePreviewViewModel.swift */ = {isa = PBXFileReference; lastKnownFileType = sourcecode.swift; path = TitlePreviewViewModel.swift; sourceTree = "<group>"; };
		CEA4BC472A3104E50093C757 /* Netflix.app */ = {isa = PBXFileReference; explicitFileType = wrapper.application; includeInIndex = 0; path = Netflix.app; sourceTree = BUILT_PRODUCTS_DIR; };
		CEA4BC4A2A3104E50093C757 /* AppDelegate.swift */ = {isa = PBXFileReference; lastKnownFileType = sourcecode.swift; path = AppDelegate.swift; sourceTree = "<group>"; };
		CEA4BC4C2A3104E50093C757 /* SceneDelegate.swift */ = {isa = PBXFileReference; lastKnownFileType = sourcecode.swift; path = SceneDelegate.swift; sourceTree = "<group>"; };
		CEA4BC4E2A3104E50093C757 /* MainTabBarViewController.swift */ = {isa = PBXFileReference; lastKnownFileType = sourcecode.swift; path = MainTabBarViewController.swift; sourceTree = "<group>"; };
		CEA4BC532A3104E90093C757 /* Assets.xcassets */ = {isa = PBXFileReference; lastKnownFileType = folder.assetcatalog; path = Assets.xcassets; sourceTree = "<group>"; };
		CEA4BC562A3104E90093C757 /* Base */ = {isa = PBXFileReference; lastKnownFileType = file.storyboard; name = Base; path = Base.lproj/LaunchScreen.storyboard; sourceTree = "<group>"; };
		CEA4BC582A3104E90093C757 /* Info.plist */ = {isa = PBXFileReference; lastKnownFileType = text.plist.xml; path = Info.plist; sourceTree = "<group>"; };
		CEA4BC5F2A333F2E0093C757 /* HomeViewController.swift */ = {isa = PBXFileReference; lastKnownFileType = sourcecode.swift; path = HomeViewController.swift; sourceTree = "<group>"; };
		CEA4BC612A333FDB0093C757 /* UpcomingViewController.swift */ = {isa = PBXFileReference; lastKnownFileType = sourcecode.swift; path = UpcomingViewController.swift; sourceTree = "<group>"; };
		CEA4BC632A33400E0093C757 /* SearchViewController.swift */ = {isa = PBXFileReference; lastKnownFileType = sourcecode.swift; path = SearchViewController.swift; sourceTree = "<group>"; };
		CEA4BC652A3340380093C757 /* DownloadsViewController.swift */ = {isa = PBXFileReference; lastKnownFileType = sourcecode.swift; path = DownloadsViewController.swift; sourceTree = "<group>"; };
		CEA4BC6A2A3347590093C757 /* CollectionViewTableViewCell.swift */ = {isa = PBXFileReference; lastKnownFileType = sourcecode.swift; path = CollectionViewTableViewCell.swift; sourceTree = "<group>"; };
		CEB653E72A378D76007B2FC5 /* Title.swift */ = {isa = PBXFileReference; lastKnownFileType = sourcecode.swift; path = Title.swift; sourceTree = "<group>"; };
		CEB653EA2A38949D007B2FC5 /* Extensions.swift */ = {isa = PBXFileReference; lastKnownFileType = sourcecode.swift; path = Extensions.swift; sourceTree = "<group>"; };
		CEB653EE2A38A73E007B2FC5 /* TitleCollectionViewCell.swift */ = {isa = PBXFileReference; lastKnownFileType = sourcecode.swift; path = TitleCollectionViewCell.swift; sourceTree = "<group>"; };
		CED7096B2A55A1E600FF1E83 /* TitleTableViewCell.swift */ = {isa = PBXFileReference; lastKnownFileType = sourcecode.swift; path = TitleTableViewCell.swift; sourceTree = "<group>"; };
		CED7096D2A55BEE200FF1E83 /* TitleViewModel.swift */ = {isa = PBXFileReference; lastKnownFileType = sourcecode.swift; path = TitleViewModel.swift; sourceTree = "<group>"; };
/* End PBXFileReference section */

/* Begin PBXFrameworksBuildPhase section */
		CEA4BC442A3104E50093C757 /* Frameworks */ = {
			isa = PBXFrameworksBuildPhase;
			buildActionMask = 2147483647;
			files = (
				CEB653F42A38B4E3007B2FC5 /* SDWebImageMapKit in Frameworks */,
				CEB653F22A38B4E3007B2FC5 /* SDWebImage in Frameworks */,
			);
			runOnlyForDeploymentPostprocessing = 0;
		};
/* End PBXFrameworksBuildPhase section */

/* Begin PBXGroup section */
		CE52193E2A58F380002D0069 /* Core */ = {
			isa = PBXGroup;
			children = (
				CEA4BC5F2A333F2E0093C757 /* HomeViewController.swift */,
				CEA4BC612A333FDB0093C757 /* UpcomingViewController.swift */,
				CEA4BC632A33400E0093C757 /* SearchViewController.swift */,
				CEA4BC652A3340380093C757 /* DownloadsViewController.swift */,
			);
			path = Core;
			sourceTree = "<group>";
		};
		CE52193F2A597893002D0069 /* General */ = {
			isa = PBXGroup;
			children = (
				CE52193C2A58F32E002D0069 /* SearchResultsViewController.swift */,
				CE75A1C02A673C6600535E75 /* TitlePreviewViewController.swift */,
			);
			path = General;
			sourceTree = "<group>";
		};
		CE53570E2A374A2900009B08 /* Managers */ = {
			isa = PBXGroup;
			children = (
				CE53570F2A374A5300009B08 /* APICaller.swift */,
			);
			path = Managers;
			sourceTree = "<group>";
		};
		CEA4BC3E2A3104E50093C757 = {
			isa = PBXGroup;
			children = (
				CEA4BC492A3104E50093C757 /* Netflix */,
				CEA4BC482A3104E50093C757 /* Products */,
			);
			sourceTree = "<group>";
		};
		CEA4BC482A3104E50093C757 /* Products */ = {
			isa = PBXGroup;
			children = (
				CEA4BC472A3104E50093C757 /* Netflix.app */,
			);
			name = Products;
			sourceTree = "<group>";
		};
		CEA4BC492A3104E50093C757 /* Netflix */ = {
			isa = PBXGroup;
			children = (
				CEB653E92A38947F007B2FC5 /* Resources */,
				CEA4BC672A33469B0093C757 /* Models */,
				CE53570E2A374A2900009B08 /* Managers */,
				CEA4BC692A3346A50093C757 /* ViewModels */,
				CEA4BC682A3346A00093C757 /* Views */,
				CEA4BC5E2A333EF80093C757 /* Controllers */,
				CEA4BC4A2A3104E50093C757 /* AppDelegate.swift */,
				CEA4BC4C2A3104E50093C757 /* SceneDelegate.swift */,
				CEA4BC4E2A3104E50093C757 /* MainTabBarViewController.swift */,
				CEA4BC532A3104E90093C757 /* Assets.xcassets */,
				CEA4BC552A3104E90093C757 /* LaunchScreen.storyboard */,
				CEA4BC582A3104E90093C757 /* Info.plist */,
			);
			path = Netflix;
			sourceTree = "<group>";
		};
		CEA4BC5E2A333EF80093C757 /* Controllers */ = {
			isa = PBXGroup;
			children = (
				CE52193F2A597893002D0069 /* General */,
				CE52193E2A58F380002D0069 /* Core */,
			);
			path = Controllers;
			sourceTree = "<group>";
		};
		CEA4BC672A33469B0093C757 /* Models */ = {
			isa = PBXGroup;
			children = (
				CEB653E72A378D76007B2FC5 /* Title.swift */,
				CE5219402A59A1A8002D0069 /* YoutubeSearchResponse.swift */,
			);
			path = Models;
			sourceTree = "<group>";
		};
		CEA4BC682A3346A00093C757 /* Views */ = {
			isa = PBXGroup;
			children = (
				CEA4BC6A2A3347590093C757 /* CollectionViewTableViewCell.swift */,
				CE6547622A35F1680081272F /* HeroHeaderUIView.swift */,
				CEB653EE2A38A73E007B2FC5 /* TitleCollectionViewCell.swift */,
				CED7096B2A55A1E600FF1E83 /* TitleTableViewCell.swift */,
			);
			path = Views;
			sourceTree = "<group>";
		};
		CEA4BC692A3346A50093C757 /* ViewModels */ = {
			isa = PBXGroup;
			children = (
				CED7096D2A55BEE200FF1E83 /* TitleViewModel.swift */,
				CE75A1C22A673FFF00535E75 /* TitlePreviewViewModel.swift */,
			);
			path = ViewModels;
			sourceTree = "<group>";
		};
		CEB653E92A38947F007B2FC5 /* Resources */ = {
			isa = PBXGroup;
			children = (
				CEB653EA2A38949D007B2FC5 /* Extensions.swift */,
			);
			path = Resources;
			sourceTree = "<group>";
		};
/* End PBXGroup section */

/* Begin PBXNativeTarget section */
		CEA4BC462A3104E50093C757 /* Netflix */ = {
			isa = PBXNativeTarget;
			buildConfigurationList = CEA4BC5B2A3104E90093C757 /* Build configuration list for PBXNativeTarget "Netflix" */;
			buildPhases = (
				CEA4BC432A3104E50093C757 /* Sources */,
				CEA4BC442A3104E50093C757 /* Frameworks */,
				CEA4BC452A3104E50093C757 /* Resources */,
			);
			buildRules = (
			);
			dependencies = (
			);
			name = Netflix;
			packageProductDependencies = (
				CEB653F12A38B4E3007B2FC5 /* SDWebImage */,
				CEB653F32A38B4E3007B2FC5 /* SDWebImageMapKit */,
			);
			productName = Netflix;
			productReference = CEA4BC472A3104E50093C757 /* Netflix.app */;
			productType = "com.apple.product-type.application";
		};
/* End PBXNativeTarget section */

/* Begin PBXProject section */
		CEA4BC3F2A3104E50093C757 /* Project object */ = {
			isa = PBXProject;
			attributes = {
				BuildIndependentTargetsInParallel = 1;
				LastSwiftUpdateCheck = 1410;
				LastUpgradeCheck = 1410;
				TargetAttributes = {
					CEA4BC462A3104E50093C757 = {
						CreatedOnToolsVersion = 14.1;
					};
				};
			};
			buildConfigurationList = CEA4BC422A3104E50093C757 /* Build configuration list for PBXProject "Netflix" */;
			compatibilityVersion = "Xcode 14.0";
			developmentRegion = en;
			hasScannedForEncodings = 0;
			knownRegions = (
				en,
				Base,
			);
			mainGroup = CEA4BC3E2A3104E50093C757;
			packageReferences = (
				CEB653F02A38B4E3007B2FC5 /* XCRemoteSwiftPackageReference "SDWebImage" */,
			);
			productRefGroup = CEA4BC482A3104E50093C757 /* Products */;
			projectDirPath = "";
			projectRoot = "";
			targets = (
				CEA4BC462A3104E50093C757 /* Netflix */,
			);
		};
/* End PBXProject section */

/* Begin PBXResourcesBuildPhase section */
		CEA4BC452A3104E50093C757 /* Resources */ = {
			isa = PBXResourcesBuildPhase;
			buildActionMask = 2147483647;
			files = (
				CEA4BC572A3104E90093C757 /* LaunchScreen.storyboard in Resources */,
				CEA4BC542A3104E90093C757 /* Assets.xcassets in Resources */,
			);
			runOnlyForDeploymentPostprocessing = 0;
		};
/* End PBXResourcesBuildPhase section */

/* Begin PBXSourcesBuildPhase section */
		CEA4BC432A3104E50093C757 /* Sources */ = {
			isa = PBXSourcesBuildPhase;
			buildActionMask = 2147483647;
			files = (
				CED7096C2A55A1E600FF1E83 /* TitleTableViewCell.swift in Sources */,
				CEA4BC642A33400E0093C757 /* SearchViewController.swift in Sources */,
				CEB653EF2A38A73E007B2FC5 /* TitleCollectionViewCell.swift in Sources */,
				CEA4BC4F2A3104E50093C757 /* MainTabBarViewController.swift in Sources */,
				CEA4BC6B2A3347590093C757 /* CollectionViewTableViewCell.swift in Sources */,
				CE5357102A374A5300009B08 /* APICaller.swift in Sources */,
				CE6547632A35F1680081272F /* HeroHeaderUIView.swift in Sources */,
				CEA4BC662A3340380093C757 /* DownloadsViewController.swift in Sources */,
				CEA4BC4B2A3104E50093C757 /* AppDelegate.swift in Sources */,
				CE52193D2A58F32E002D0069 /* SearchResultsViewController.swift in Sources */,
				CEB653EB2A38949D007B2FC5 /* Extensions.swift in Sources */,
				CE5219412A59A1A8002D0069 /* YoutubeSearchResponse.swift in Sources */,
				CEA4BC4D2A3104E50093C757 /* SceneDelegate.swift in Sources */,
				CE75A1C32A673FFF00535E75 /* TitlePreviewViewModel.swift in Sources */,
				CEA4BC622A333FDB0093C757 /* UpcomingViewController.swift in Sources */,
				CE75A1C12A673C6600535E75 /* TitlePreviewViewController.swift in Sources */,
				CEB653E82A378D76007B2FC5 /* Title.swift in Sources */,
				CEA4BC602A333F2E0093C757 /* HomeViewController.swift in Sources */,
				CED7096E2A55BEE200FF1E83 /* TitleViewModel.swift in Sources */,
			);
			runOnlyForDeploymentPostprocessing = 0;
		};
/* End PBXSourcesBuildPhase section */

/* Begin PBXVariantGroup section */
		CEA4BC552A3104E90093C757 /* LaunchScreen.storyboard */ = {
			isa = PBXVariantGroup;
			children = (
				CEA4BC562A3104E90093C757 /* Base */,
			);
			name = LaunchScreen.storyboard;
			sourceTree = "<group>";
		};
/* End PBXVariantGroup section */

/* Begin XCBuildConfiguration section */
		CEA4BC592A3104E90093C757 /* Debug */ = {
			isa = XCBuildConfiguration;
			buildSettings = {
				ALWAYS_SEARCH_USER_PATHS = NO;
				CLANG_ANALYZER_NONNULL = YES;
				CLANG_ANALYZER_NUMBER_OBJECT_CONVERSION = YES_AGGRESSIVE;
				CLANG_CXX_LANGUAGE_STANDARD = "gnu++20";
				CLANG_ENABLE_MODULES = YES;
				CLANG_ENABLE_OBJC_ARC = YES;
				CLANG_ENABLE_OBJC_WEAK = YES;
				CLANG_WARN_BLOCK_CAPTURE_AUTORELEASING = YES;
				CLANG_WARN_BOOL_CONVERSION = YES;
				CLANG_WARN_COMMA = YES;
				CLANG_WARN_CONSTANT_CONVERSION = YES;
				CLANG_WARN_DEPRECATED_OBJC_IMPLEMENTATIONS = YES;
				CLANG_WARN_DIRECT_OBJC_ISA_USAGE = YES_ERROR;
				CLANG_WARN_DOCUMENTATION_COMMENTS = YES;
				CLANG_WARN_EMPTY_BODY = YES;
				CLANG_WARN_ENUM_CONVERSION = YES;
				CLANG_WARN_INFINITE_RECURSION = YES;
				CLANG_WARN_INT_CONVERSION = YES;
				CLANG_WARN_NON_LITERAL_NULL_CONVERSION = YES;
				CLANG_WARN_OBJC_IMPLICIT_RETAIN_SELF = YES;
				CLANG_WARN_OBJC_LITERAL_CONVERSION = YES;
				CLANG_WARN_OBJC_ROOT_CLASS = YES_ERROR;
				CLANG_WARN_QUOTED_INCLUDE_IN_FRAMEWORK_HEADER = YES;
				CLANG_WARN_RANGE_LOOP_ANALYSIS = YES;
				CLANG_WARN_STRICT_PROTOTYPES = YES;
				CLANG_WARN_SUSPICIOUS_MOVE = YES;
				CLANG_WARN_UNGUARDED_AVAILABILITY = YES_AGGRESSIVE;
				CLANG_WARN_UNREACHABLE_CODE = YES;
				CLANG_WARN__DUPLICATE_METHOD_MATCH = YES;
				COPY_PHASE_STRIP = NO;
				DEBUG_INFORMATION_FORMAT = dwarf;
				ENABLE_STRICT_OBJC_MSGSEND = YES;
				ENABLE_TESTABILITY = YES;
				GCC_C_LANGUAGE_STANDARD = gnu11;
				GCC_DYNAMIC_NO_PIC = NO;
				GCC_NO_COMMON_BLOCKS = YES;
				GCC_OPTIMIZATION_LEVEL = 0;
				GCC_PREPROCESSOR_DEFINITIONS = (
					"DEBUG=1",
					"$(inherited)",
				);
				GCC_WARN_64_TO_32_BIT_CONVERSION = YES;
				GCC_WARN_ABOUT_RETURN_TYPE = YES_ERROR;
				GCC_WARN_UNDECLARED_SELECTOR = YES;
				GCC_WARN_UNINITIALIZED_AUTOS = YES_AGGRESSIVE;
				GCC_WARN_UNUSED_FUNCTION = YES;
				GCC_WARN_UNUSED_VARIABLE = YES;
				IPHONEOS_DEPLOYMENT_TARGET = 16.1;
				MTL_ENABLE_DEBUG_INFO = INCLUDE_SOURCE;
				MTL_FAST_MATH = YES;
				ONLY_ACTIVE_ARCH = YES;
				SDKROOT = iphoneos;
				SWIFT_ACTIVE_COMPILATION_CONDITIONS = DEBUG;
				SWIFT_OPTIMIZATION_LEVEL = "-Onone";
			};
			name = Debug;
		};
		CEA4BC5A2A3104E90093C757 /* Release */ = {
			isa = XCBuildConfiguration;
			buildSettings = {
				ALWAYS_SEARCH_USER_PATHS = NO;
				CLANG_ANALYZER_NONNULL = YES;
				CLANG_ANALYZER_NUMBER_OBJECT_CONVERSION = YES_AGGRESSIVE;
				CLANG_CXX_LANGUAGE_STANDARD = "gnu++20";
				CLANG_ENABLE_MODULES = YES;
				CLANG_ENABLE_OBJC_ARC = YES;
				CLANG_ENABLE_OBJC_WEAK = YES;
				CLANG_WARN_BLOCK_CAPTURE_AUTORELEASING = YES;
				CLANG_WARN_BOOL_CONVERSION = YES;
				CLANG_WARN_COMMA = YES;
				CLANG_WARN_CONSTANT_CONVERSION = YES;
				CLANG_WARN_DEPRECATED_OBJC_IMPLEMENTATIONS = YES;
				CLANG_WARN_DIRECT_OBJC_ISA_USAGE = YES_ERROR;
				CLANG_WARN_DOCUMENTATION_COMMENTS = YES;
				CLANG_WARN_EMPTY_BODY = YES;
				CLANG_WARN_ENUM_CONVERSION = YES;
				CLANG_WARN_INFINITE_RECURSION = YES;
				CLANG_WARN_INT_CONVERSION = YES;
				CLANG_WARN_NON_LITERAL_NULL_CONVERSION = YES;
				CLANG_WARN_OBJC_IMPLICIT_RETAIN_SELF = YES;
				CLANG_WARN_OBJC_LITERAL_CONVERSION = YES;
				CLANG_WARN_OBJC_ROOT_CLASS = YES_ERROR;
				CLANG_WARN_QUOTED_INCLUDE_IN_FRAMEWORK_HEADER = YES;
				CLANG_WARN_RANGE_LOOP_ANALYSIS = YES;
				CLANG_WARN_STRICT_PROTOTYPES = YES;
				CLANG_WARN_SUSPICIOUS_MOVE = YES;
				CLANG_WARN_UNGUARDED_AVAILABILITY = YES_AGGRESSIVE;
				CLANG_WARN_UNREACHABLE_CODE = YES;
				CLANG_WARN__DUPLICATE_METHOD_MATCH = YES;
				COPY_PHASE_STRIP = NO;
				DEBUG_INFORMATION_FORMAT = "dwarf-with-dsym";
				ENABLE_NS_ASSERTIONS = NO;
				ENABLE_STRICT_OBJC_MSGSEND = YES;
				GCC_C_LANGUAGE_STANDARD = gnu11;
				GCC_NO_COMMON_BLOCKS = YES;
				GCC_WARN_64_TO_32_BIT_CONVERSION = YES;
				GCC_WARN_ABOUT_RETURN_TYPE = YES_ERROR;
				GCC_WARN_UNDECLARED_SELECTOR = YES;
				GCC_WARN_UNINITIALIZED_AUTOS = YES_AGGRESSIVE;
				GCC_WARN_UNUSED_FUNCTION = YES;
				GCC_WARN_UNUSED_VARIABLE = YES;
				IPHONEOS_DEPLOYMENT_TARGET = 16.1;
				MTL_ENABLE_DEBUG_INFO = NO;
				MTL_FAST_MATH = YES;
				SDKROOT = iphoneos;
				SWIFT_COMPILATION_MODE = wholemodule;
				SWIFT_OPTIMIZATION_LEVEL = "-O";
				VALIDATE_PRODUCT = YES;
			};
			name = Release;
		};
		CEA4BC5C2A3104E90093C757 /* Debug */ = {
			isa = XCBuildConfiguration;
			buildSettings = {
				ASSETCATALOG_COMPILER_APPICON_NAME = AppIcon;
				ASSETCATALOG_COMPILER_GLOBAL_ACCENT_COLOR_NAME = AccentColor;
				CODE_SIGN_STYLE = Automatic;
				CURRENT_PROJECT_VERSION = 1;
				DEVELOPMENT_TEAM = N7DSY34888;
				GENERATE_INFOPLIST_FILE = YES;
				INFOPLIST_FILE = Netflix/Info.plist;
				INFOPLIST_KEY_UIApplicationSupportsIndirectInputEvents = YES;
				INFOPLIST_KEY_UILaunchStoryboardName = LaunchScreen;
				INFOPLIST_KEY_UISupportedInterfaceOrientations_iPad = "UIInterfaceOrientationPortrait UIInterfaceOrientationPortraitUpsideDown UIInterfaceOrientationLandscapeLeft UIInterfaceOrientationLandscapeRight";
				INFOPLIST_KEY_UISupportedInterfaceOrientations_iPhone = "UIInterfaceOrientationPortrait UIInterfaceOrientationLandscapeLeft UIInterfaceOrientationLandscapeRight";
				LD_RUNPATH_SEARCH_PATHS = (
					"$(inherited)",
					"@executable_path/Frameworks",
				);
				MARKETING_VERSION = 1.0;
				PRODUCT_BUNDLE_IDENTIFIER = com.andrealmeida.Netflix;
				PRODUCT_NAME = "$(TARGET_NAME)";
				SWIFT_EMIT_LOC_STRINGS = YES;
				SWIFT_VERSION = 5.0;
				TARGETED_DEVICE_FAMILY = "1,2";
			};
			name = Debug;
		};
		CEA4BC5D2A3104E90093C757 /* Release */ = {
			isa = XCBuildConfiguration;
			buildSettings = {
				ASSETCATALOG_COMPILER_APPICON_NAME = AppIcon;
				ASSETCATALOG_COMPILER_GLOBAL_ACCENT_COLOR_NAME = AccentColor;
				CODE_SIGN_STYLE = Automatic;
				CURRENT_PROJECT_VERSION = 1;
				DEVELOPMENT_TEAM = N7DSY34888;
				GENERATE_INFOPLIST_FILE = YES;
				INFOPLIST_FILE = Netflix/Info.plist;
				INFOPLIST_KEY_UIApplicationSupportsIndirectInputEvents = YES;
				INFOPLIST_KEY_UILaunchStoryboardName = LaunchScreen;
				INFOPLIST_KEY_UISupportedInterfaceOrientations_iPad = "UIInterfaceOrientationPortrait UIInterfaceOrientationPortraitUpsideDown UIInterfaceOrientationLandscapeLeft UIInterfaceOrientationLandscapeRight";
				INFOPLIST_KEY_UISupportedInterfaceOrientations_iPhone = "UIInterfaceOrientationPortrait UIInterfaceOrientationLandscapeLeft UIInterfaceOrientationLandscapeRight";
				LD_RUNPATH_SEARCH_PATHS = (
					"$(inherited)",
					"@executable_path/Frameworks",
				);
				MARKETING_VERSION = 1.0;
				PRODUCT_BUNDLE_IDENTIFIER = com.andrealmeida.Netflix;
				PRODUCT_NAME = "$(TARGET_NAME)";
				SWIFT_EMIT_LOC_STRINGS = YES;
				SWIFT_VERSION = 5.0;
				TARGETED_DEVICE_FAMILY = "1,2";
			};
			name = Release;
		};
/* End XCBuildConfiguration section */

/* Begin XCConfigurationList section */
		CEA4BC422A3104E50093C757 /* Build configuration list for PBXProject "Netflix" */ = {
			isa = XCConfigurationList;
			buildConfigurations = (
				CEA4BC592A3104E90093C757 /* Debug */,
				CEA4BC5A2A3104E90093C757 /* Release */,
			);
			defaultConfigurationIsVisible = 0;
			defaultConfigurationName = Release;
		};
		CEA4BC5B2A3104E90093C757 /* Build configuration list for PBXNativeTarget "Netflix" */ = {
			isa = XCConfigurationList;
			buildConfigurations = (
				CEA4BC5C2A3104E90093C757 /* Debug */,
				CEA4BC5D2A3104E90093C757 /* Release */,
			);
			defaultConfigurationIsVisible = 0;
			defaultConfigurationName = Release;
		};
/* End XCConfigurationList section */

/* Begin XCRemoteSwiftPackageReference section */
		CEB653F02A38B4E3007B2FC5 /* XCRemoteSwiftPackageReference "SDWebImage" */ = {
			isa = XCRemoteSwiftPackageReference;
			repositoryURL = "https://github.com/SDWebImage/SDWebImage.git";
			requirement = {
				branch = master;
				kind = branch;
			};
		};
/* End XCRemoteSwiftPackageReference section */

/* Begin XCSwiftPackageProductDependency section */
		CEB653F12A38B4E3007B2FC5 /* SDWebImage */ = {
			isa = XCSwiftPackageProductDependency;
			package = CEB653F02A38B4E3007B2FC5 /* XCRemoteSwiftPackageReference "SDWebImage" */;
			productName = SDWebImage;
		};
		CEB653F32A38B4E3007B2FC5 /* SDWebImageMapKit */ = {
			isa = XCSwiftPackageProductDependency;
			package = CEB653F02A38B4E3007B2FC5 /* XCRemoteSwiftPackageReference "SDWebImage" */;
			productName = SDWebImageMapKit;
		};
/* End XCSwiftPackageProductDependency section */
	};
	rootObject = CEA4BC3F2A3104E50093C757 /* Project object */;
}
